
Microsoft Visual Studio Solution File, Format Version 12.00
# Visual Studio Version 16
VisualStudioVersion = 16.0.29424.173
MinimumVisualStudioVersion = 10.0.40219.1
Project("{9A19103F-16F7-4668-BE54-9A1E7A4F7556}") = "Example.Domain", "Example.Domain\Example.Domain.csproj", "{BE9DD968-CF40-40D0-94BF-ECC6D2122AFF}"
EndProject
Project("{FAE04EC0-301F-11D3-BF4B-00C04F79EFBC}") = "Example.Domain.Test", "Example.Domain.Test\Example.Domain.Test.csproj", "{875173DF-0654-4B55-83C4-A7717D1DC0D2}"
EndProject
Global
	GlobalSection(SolutionConfigurationPlatforms) = preSolution
		Debug|Any CPU = Debug|Any CPU
		Release|Any CPU = Release|Any CPU
	EndGlobalSection
	GlobalSection(ProjectConfigurationPlatforms) = postSolution
		{BE9DD968-CF40-40D0-94BF-ECC6D2122AFF}.Debug|Any CPU.ActiveCfg = Debug|Any CPU
		{BE9DD968-CF40-40D0-94BF-ECC6D2122AFF}.Debug|Any CPU.Build.0 = Debug|Any CPU
		{BE9DD968-CF40-40D0-94BF-ECC6D2122AFF}.Release|Any CPU.ActiveCfg = Release|Any CPU
		{BE9DD968-CF40-40D0-94BF-ECC6D2122AFF}.Release|Any CPU.Build.0 = Release|Any CPU
		{875173DF-0654-4B55-83C4-A7717D1DC0D2}.Debug|Any CPU.ActiveCfg = Debug|Any CPU
		{875173DF-0654-4B55-83C4-A7717D1DC0D2}.Debug|Any CPU.Build.0 = Debug|Any CPU
		{875173DF-0654-4B55-83C4-A7717D1DC0D2}.Release|Any CPU.ActiveCfg = Release|Any CPU
		{875173DF-0654-4B55-83C4-A7717D1DC0D2}.Release|Any CPU.Build.0 = Release|Any CPU
	EndGlobalSection
	GlobalSection(SolutionProperties) = preSolution
		HideSolutionNode = FALSE
	EndGlobalSection
	GlobalSection(ExtensibilityGlobals) = postSolution
		SolutionGuid = {BF139CE8-DBA0-4972-8A9F-2868E6B25F88}
	EndGlobalSection
EndGlobal
